PODS:
  - SESDKRemoteConfig (1.1.1.0)

DEPENDENCIES:
  - SESDKRemoteConfig (from `../SESDKRemoteConfig.podspec`)

EXTERNAL SOURCES:
  SESDKRemoteConfig:
    :path: "../SESDKRemoteConfig.podspec"

SPEC CHECKSUMS:
  SESDKRemoteConfig: eec86866e5b16e3a0e775c84519f419c4ce28bad

PODFILE CHECKSUM: fc7e270bf447c14a96ee4d47ac5fb036592d535a

COCOAPODS: 1.12.1
